# Exact versions of the working environment (.venv on the QA Mac), generated 26 Sep 2026.
# Install the same set elsewhere with:  pip install -r requirements.lock
# (requirements.txt stays the loose, human-edited list.)
aiofiles==25.1.0
aiohappyeyeballs==2.6.1
aiohttp==3.13.3
aiosignal==1.4.0
annotated_doc==0.0.4
annotated_types==0.7.0
anthropic==0.122.0
anyio==4.12.1
appium_python_client==5.2.6
async_timeout==5.0.1
attrs==25.4.0
bidict==0.23.1
black==26.1.0
blinker==1.9.0
certifi==2026.1.4
charset_normalizer==3.4.4
click==8.3.1
distro==1.9.0
docstring_parser==0.18.0
docutils==0.22.4
et_xmlfile==2.0.0
exceptiongroup==1.3.1
faker==40.5.1
fastapi==0.129.2
flask==3.1.3
flask_cors==6.0.2
frozenlist==1.8.0
greenlet==3.3.1
h11==0.16.0
httpcore2==2.12.0
httpcore==1.0.9
httptools==0.7.1
httpx2==2.12.0
httpx==0.28.1
idna==3.19
ifaddr==0.2.0
ImageHash==4.3.2
imageio==2.37.2
iniconfig==2.3.0
itsdangerous==2.2.0
jinja2==3.1.6
jiter==0.16.0
joblib==1.5.3
lazy_loader==0.4
markdown2==2.5.4
markupsafe==3.0.3
multidict==6.7.1
mypy_extensions==1.1.0
networkx==3.4.2
nicegui==3.7.1
numpy==2.2.6
openai==3.2.0
opencv_python==4.13.0.92
openpyxl==3.1.5
orjson==3.11.7
outcome==1.3.0.post0
packaging==26.0
pathspec==1.0.4
pillow==12.1.1
platformdirs==4.9.2
playwright==1.58.0
pluggy==1.6.0
prompt_toolkit==3.0.52
propcache==0.4.1
pydantic==2.12.5
pydantic_core==2.41.5
pyee==13.0.0
pyflakes==3.4.0
pygments==2.19.2
PySocks==1.7.1
pytest==8.4.2
pytest_base_url==2.1.0
pytest_playwright==0.6.2
python_dotenv==1.0.1
python_engineio==4.13.1
python_multipart==0.0.22
python_slugify==8.0.4
python_socketio==5.16.1
pytokens==0.4.1
pywavelets==1.8.0
pyyaml==6.0.3
questionary==2.1.1
requests==2.32.5
scikit_image==0.25.2
scikit_learn==1.7.2
scipy==1.15.3
selenium==4.41.0
simple_websocket==1.1.0
sniffio==1.3.1
sortedcontainers==2.4.0
starlette==0.52.1
text_unidecode==1.3
threadpoolctl==3.6.0
tifffile==2025.5.10
tomli==2.4.0
tqdm==4.70.0
trio==0.33.0
trio_websocket==0.12.2
truststore==0.10.4
typing_extensions==4.15.0
typing_inspection==0.4.2
urllib3==2.6.3
uvicorn==0.41.0
uvloop==0.22.1; sys_platform != "win32"
watchdog==6.0.0
watchfiles==1.1.1
wcwidth==0.6.0
websockets==16.0
websocket_client==1.9.0
werkzeug==3.1.5
wsproto==1.3.2
yarl==1.22.0
